
Microsoft Visual Studio Solution File, Format Version 12.00
# Visual Studio Version 17
VisualStudioVersion = 17.6.33815.320
MinimumVisualStudioVersion = 10.0.40219.1
Project("{888888A0-9F3D-457C-B088-3A5042F75D52}") = "Talk", "Talk\Talk.pyproj", "{AE9755B8-4373-4929-9BE6-4956C82CB678}"
EndProject
Global
	GlobalSection(SolutionConfigurationPlatforms) = preSolution
		Debug|Any CPU = Debug|Any CPU
		Release|Any CPU = Release|Any CPU
	EndGlobalSection
	GlobalSection(ProjectConfigurationPlatforms) = postSolution
		{AE9755B8-4373-4929-9BE6-4956C82CB678}.Debug|Any CPU.ActiveCfg = Debug|Any CPU
		{AE9755B8-4373-4929-9BE6-4956C82CB678}.Release|Any CPU.ActiveCfg = Release|Any CPU
	EndGlobalSection
	GlobalSection(SolutionProperties) = preSolution
		HideSolutionNode = FALSE
	EndGlobalSection
	GlobalSection(ExtensibilityGlobals) = postSolution
		SolutionGuid = {6EEBD91A-7916-415A-9FE0-6FC904971759}
	EndGlobalSection
EndGlobal
