
Microsoft Visual Studio Solution File, Format Version 12.00
# Visual Studio Version 17
VisualStudioVersion = 17.8.34309.116
MinimumVisualStudioVersion = 10.0.40219.1
Project("{888888A0-9F3D-457C-B088-3A5042F75D52}") = "Simulation", "Simulation.pyproj", "{F2BE18CC-4580-46B1-A86B-855E5507E519}"
EndProject
Global
	GlobalSection(SolutionConfigurationPlatforms) = preSolution
		Debug|Any CPU = Debug|Any CPU
		Release|Any CPU = Release|Any CPU
	EndGlobalSection
	GlobalSection(ProjectConfigurationPlatforms) = postSolution
		{F2BE18CC-4580-46B1-A86B-855E5507E519}.Debug|Any CPU.ActiveCfg = Debug|Any CPU
		{F2BE18CC-4580-46B1-A86B-855E5507E519}.Release|Any CPU.ActiveCfg = Release|Any CPU
	EndGlobalSection
	GlobalSection(SolutionProperties) = preSolution
		HideSolutionNode = FALSE
	EndGlobalSection
	GlobalSection(ExtensibilityGlobals) = postSolution
		SolutionGuid = {072C0599-9B77-4C05-AA7F-7A9624B64237}
	EndGlobalSection
EndGlobal
