
Microsoft Visual Studio Solution File, Format Version 12.00
# Visual Studio Version 17
VisualStudioVersion = 17.8.34309.116
MinimumVisualStudioVersion = 10.0.40219.1
Project("{888888A0-9F3D-457C-B088-3A5042F75D52}") = "Poker", "Poker\Poker.pyproj", "{DE311C53-6A02-4220-8B3E-94E83975186D}"
EndProject
Global
	GlobalSection(SolutionConfigurationPlatforms) = preSolution
		Debug|Any CPU = Debug|Any CPU
		Release|Any CPU = Release|Any CPU
	EndGlobalSection
	GlobalSection(ProjectConfigurationPlatforms) = postSolution
		{DE311C53-6A02-4220-8B3E-94E83975186D}.Debug|Any CPU.ActiveCfg = Debug|Any CPU
		{DE311C53-6A02-4220-8B3E-94E83975186D}.Release|Any CPU.ActiveCfg = Release|Any CPU
	EndGlobalSection
	GlobalSection(SolutionProperties) = preSolution
		HideSolutionNode = FALSE
	EndGlobalSection
	GlobalSection(ExtensibilityGlobals) = postSolution
		SolutionGuid = {AC09129C-3AB8-468B-AF04-29119D1F59A8}
	EndGlobalSection
EndGlobal
